
Microsoft Visual Studio Solution File, Format Version 12.00
# Visual Studio Version 18
VisualStudioVersion = 18.6.11806.211 stable
MinimumVisualStudioVersion = 10.0.40219.1
Project("{FAE04EC0-301F-11D3-BF4B-00C04F79EFBC}") = "Rt", "Rt\Rt.csproj", "{BA295FAD-1B97-478E-9CBC-865EFF471D37}"
EndProject
Project("{FAE04EC0-301F-11D3-BF4B-00C04F79EFBC}") = "RtCli", "RtCli\RtCli.csproj", "{EC48D4AA-05A1-4111-811A-2570E47C1CF2}"
EndProject
Project("{FAE04EC0-301F-11D3-BF4B-00C04F79EFBC}") = "RtPanel", "RtPanel\RtPanel.csproj", "{0C6CE2B4-3FC9-4229-8122-0EE6ACA58922}"
EndProject
Global
	GlobalSection(SolutionConfigurationPlatforms) = preSolution
		Debug|Any CPU = Debug|Any CPU
		Debug|x64 = Debug|x64
		Debug|x86 = Debug|x86
		Release|Any CPU = Release|Any CPU
		Release|x64 = Release|x64
		Release|x86 = Release|x86
	EndGlobalSection
	GlobalSection(ProjectConfigurationPlatforms) = postSolution
		{BA295FAD-1B97-478E-9CBC-865EFF471D37}.Debug|Any CPU.ActiveCfg = Debug|Any CPU
		{BA295FAD-1B97-478E-9CBC-865EFF471D37}.Debug|Any CPU.Build.0 = Debug|Any CPU
		{BA295FAD-1B97-478E-9CBC-865EFF471D37}.Debug|x64.ActiveCfg = Debug|Any CPU
		{BA295FAD-1B97-478E-9CBC-865EFF471D37}.Debug|x64.Build.0 = Debug|Any CPU
		{BA295FAD-1B97-478E-9CBC-865EFF471D37}.Debug|x86.ActiveCfg = Debug|Any CPU
		{BA295FAD-1B97-478E-9CBC-865EFF471D37}.Debug|x86.Build.0 = Debug|Any CPU
		{BA295FAD-1B97-478E-9CBC-865EFF471D37}.Release|Any CPU.ActiveCfg = Release|Any CPU
		{BA295FAD-1B97-478E-9CBC-865EFF471D37}.Release|Any CPU.Build.0 = Release|Any CPU
		{BA295FAD-1B97-478E-9CBC-865EFF471D37}.Release|x64.ActiveCfg = Release|Any CPU
		{BA295FAD-1B97-478E-9CBC-865EFF471D37}.Release|x64.Build.0 = Release|Any CPU
		{BA295FAD-1B97-478E-9CBC-865EFF471D37}.Release|x86.ActiveCfg = Release|Any CPU
		{BA295FAD-1B97-478E-9CBC-865EFF471D37}.Release|x86.Build.0 = Release|Any CPU
		{EC48D4AA-05A1-4111-811A-2570E47C1CF2}.Debug|Any CPU.ActiveCfg = Debug|Any CPU
		{EC48D4AA-05A1-4111-811A-2570E47C1CF2}.Debug|Any CPU.Build.0 = Debug|Any CPU
		{EC48D4AA-05A1-4111-811A-2570E47C1CF2}.Debug|x64.ActiveCfg = Debug|Any CPU
		{EC48D4AA-05A1-4111-811A-2570E47C1CF2}.Debug|x64.Build.0 = Debug|Any CPU
		{EC48D4AA-05A1-4111-811A-2570E47C1CF2}.Debug|x86.ActiveCfg = Debug|Any CPU
		{EC48D4AA-05A1-4111-811A-2570E47C1CF2}.Debug|x86.Build.0 = Debug|Any CPU
		{EC48D4AA-05A1-4111-811A-2570E47C1CF2}.Release|Any CPU.ActiveCfg = Release|Any CPU
		{EC48D4AA-05A1-4111-811A-2570E47C1CF2}.Release|Any CPU.Build.0 = Release|Any CPU
		{EC48D4AA-05A1-4111-811A-2570E47C1CF2}.Release|x64.ActiveCfg = Release|Any CPU
		{EC48D4AA-05A1-4111-811A-2570E47C1CF2}.Release|x64.Build.0 = Release|Any CPU
		{EC48D4AA-05A1-4111-811A-2570E47C1CF2}.Release|x86.ActiveCfg = Release|Any CPU
		{EC48D4AA-05A1-4111-811A-2570E47C1CF2}.Release|x86.Build.0 = Release|Any CPU
		{0C6CE2B4-3FC9-4229-8122-0EE6ACA58922}.Debug|Any CPU.ActiveCfg = Debug|Any CPU
		{0C6CE2B4-3FC9-4229-8122-0EE6ACA58922}.Debug|Any CPU.Build.0 = Debug|Any CPU
		{0C6CE2B4-3FC9-4229-8122-0EE6ACA58922}.Debug|x64.ActiveCfg = Debug|Any CPU
		{0C6CE2B4-3FC9-4229-8122-0EE6ACA58922}.Debug|x64.Build.0 = Debug|Any CPU
		{0C6CE2B4-3FC9-4229-8122-0EE6ACA58922}.Debug|x86.ActiveCfg = Debug|Any CPU
		{0C6CE2B4-3FC9-4229-8122-0EE6ACA58922}.Debug|x86.Build.0 = Debug|Any CPU
		{0C6CE2B4-3FC9-4229-8122-0EE6ACA58922}.Release|Any CPU.ActiveCfg = Release|Any CPU
		{0C6CE2B4-3FC9-4229-8122-0EE6ACA58922}.Release|Any CPU.Build.0 = Release|Any CPU
		{0C6CE2B4-3FC9-4229-8122-0EE6ACA58922}.Release|x64.ActiveCfg = Release|Any CPU
		{0C6CE2B4-3FC9-4229-8122-0EE6ACA58922}.Release|x64.Build.0 = Release|Any CPU
		{0C6CE2B4-3FC9-4229-8122-0EE6ACA58922}.Release|x86.ActiveCfg = Release|Any CPU
		{0C6CE2B4-3FC9-4229-8122-0EE6ACA58922}.Release|x86.Build.0 = Release|Any CPU
	EndGlobalSection
	GlobalSection(SolutionProperties) = preSolution
		HideSolutionNode = FALSE
	EndGlobalSection
	GlobalSection(ExtensibilityGlobals) = postSolution
		SolutionGuid = {1D0A0B99-0776-4DF6-8E43-5E089D6C9CF3}
	EndGlobalSection
EndGlobal
